{
  "requires": true,
  "lockfileVersion": 1,
  "dependencies": {
    "@types/d3": {
      "version": "3.5.41",
      "resolved": "https://registry.npmjs.org/@types/d3/-/d3-3.5.41.tgz",
      "integrity": "sha512-dInnr7nSPsofnLggOf70xvsInUjf3tRrE8XmxsioXALWQHkwEWi7RhTBCa9mYmiUDHMtuanSDN/JOW187ChIhw==",
      "dev": true
    },
    "@types/plotly.js": {
      "version": "1.42.0",
      "resolved": "https://registry.npmjs.org/@types/plotly.js/-/plotly.js-1.42.0.tgz",
      "integrity": "sha512-pnJ3vHq1fG8tKquxMEZSLtt9w5Sp9KuuztBrwDwClf/zolJxLo9/RVBwmQd3dLNZCXTvoyB8bzonR5ReOXPa3A==",
      "dev": true,
      "requires": {
        "@types/d3": "^3"
      }
    },
    "plotly.js-basic-dist": {
      "version": "1.43.1",
      "resolved": "https://registry.npmjs.org/plotly.js-basic-dist/-/plotly.js-basic-dist-1.43.1.tgz",
      "integrity": "sha512-+7wP5aKApsjpA5+uqxWJbWAQEqGINI5lLXK3c9ohLvgikBT5KjOK3mfvuEm23WQrdey7ZNc9mOAONQa9aMqbjA=="
    }
  }
}
